// !$*UTF8*$!
{
	archiveVersion = 1;
	classes = {
	};
	objectVersion = 50;
	objects = {

/* Begin PBXBuildFile section */
		853E84E82717329700B56679 /* AppDelegate.swift in Sources */ = {isa = PBXBuildFile; fileRef = 853E84E72717329700B56679 /* AppDelegate.swift */; };
		853E84EA2717329700B56679 /* SceneDelegate.swift in Sources */ = {isa = PBXBuildFile; fileRef = 853E84E92717329700B56679 /* SceneDelegate.swift */; };
		853E84EC2717329700B56679 /* FirstHomeWorkViewController.swift in Sources */ = {isa = PBXBuildFile; fileRef = 853E84EB2717329700B56679 /* FirstHomeWorkViewController.swift */; };
		853E84F12717329A00B56679 /* Assets.xcassets in Resources */ = {isa = PBXBuildFile; fileRef = 853E84F02717329A00B56679 /* Assets.xcassets */; };
		853E84F42717329A00B56679 /* LaunchScreen.storyboard in Resources */ = {isa = PBXBuildFile; fileRef = 853E84F22717329A00B56679 /* LaunchScreen.storyboard */; };
		853E85072717407500B56679 /* SecondView.swift in Sources */ = {isa = PBXBuildFile; fileRef = 853E85062717407500B56679 /* SecondView.swift */; };
		853E850A2719AF7100B56679 /* FirstView.swift in Sources */ = {isa = PBXBuildFile; fileRef = 853E85092719AF7100B56679 /* FirstView.swift */; };
/* End PBXBuildFile section */

/* Begin PBXFileReference section */
		853E84E42717329700B56679 /* UIResponnderAndHitTestingHW.app */ = {isa = PBXFileReference; explicitFileType = wrapper.application; includeInIndex = 0; path = UIResponnderAndHitTestingHW.app; sourceTree = BUILT_PRODUCTS_DIR; };
		853E84E72717329700B56679 /* AppDelegate.swift */ = {isa = PBXFileReference; lastKnownFileType = sourcecode.swift; path = AppDelegate.swift; sourceTree = "<group>"; };
		853E84E92717329700B56679 /* SceneDelegate.swift */ = {isa = PBXFileReference; lastKnownFileType = sourcecode.swift; path = SceneDelegate.swift; sourceTree = "<group>"; };
		853E84EB2717329700B56679 /* FirstHomeWorkViewController.swift */ = {isa = PBXFileReference; lastKnownFileType = sourcecode.swift; path = FirstHomeWorkViewController.swift; sourceTree = "<group>"; };
		853E84F02717329A00B56679 /* Assets.xcassets */ = {isa = PBXFileReference; lastKnownFileType = folder.assetcatalog; path = Assets.xcassets; sourceTree = "<group>"; };
		853E84F32717329A00B56679 /* Base */ = {isa = PBXFileReference; lastKnownFileType = file.storyboard; name = Base; path = Base.lproj/LaunchScreen.storyboard; sourceTree = "<group>"; };
		853E84F52717329A00B56679 /* Info.plist */ = {isa = PBXFileReference; lastKnownFileType = text.plist.xml; path = Info.plist; sourceTree = "<group>"; };
		853E85062717407500B56679 /* SecondView.swift */ = {isa = PBXFileReference; lastKnownFileType = sourcecode.swift; path = SecondView.swift; sourceTree = "<group>"; };
		853E85092719AF7100B56679 /* FirstView.swift */ = {isa = PBXFileReference; lastKnownFileType = sourcecode.swift; path = FirstView.swift; sourceTree = "<group>"; };
/* End PBXFileReference section */

/* Begin PBXFrameworksBuildPhase section */
		853E84E12717329700B56679 /* Frameworks */ = {
			isa = PBXFrameworksBuildPhase;
			buildActionMask = 2147483647;
			files = (
			);
			runOnlyForDeploymentPostprocessing = 0;
		};
/* End PBXFrameworksBuildPhase section */

/* Begin PBXGroup section */
		853E84DB2717329700B56679 = {
			isa = PBXGroup;
			children = (
				853E84E62717329700B56679 /* UIResponnderAndHitTestingHW */,
				853E84E52717329700B56679 /* Products */,
			);
			sourceTree = "<group>";
		};
		853E84E52717329700B56679 /* Products */ = {
			isa = PBXGroup;
			children = (
				853E84E42717329700B56679 /* UIResponnderAndHitTestingHW.app */,
			);
			name = Products;
			sourceTree = "<group>";
		};
		853E84E62717329700B56679 /* UIResponnderAndHitTestingHW */ = {
			isa = PBXGroup;
			children = (
				853E84E72717329700B56679 /* AppDelegate.swift */,
				853E84E92717329700B56679 /* SceneDelegate.swift */,
				853E84EB2717329700B56679 /* FirstHomeWorkViewController.swift */,
				853E85062717407500B56679 /* SecondView.swift */,
				853E85092719AF7100B56679 /* FirstView.swift */,
				853E84F02717329A00B56679 /* Assets.xcassets */,
				853E84F22717329A00B56679 /* LaunchScreen.storyboard */,
				853E84F52717329A00B56679 /* Info.plist */,
			);
			path = UIResponnderAndHitTestingHW;
			sourceTree = "<group>";
		};
/* End PBXGroup section */

/* Begin PBXNativeTarget section */
		853E84E32717329700B56679 /* UIResponnderAndHitTestingHW */ = {
			isa = PBXNativeTarget;
			buildConfigurationList = 853E84F82717329A00B56679 /* Build configuration list for PBXNativeTarget "UIResponnderAndHitTestingHW" */;
			buildPhases = (
				853E84E02717329700B56679 /* Sources */,
				853E84E12717329700B56679 /* Frameworks */,
				853E84E22717329700B56679 /* Resources */,
			);
			buildRules = (
			);
			dependencies = (
			);
			name = UIResponnderAndHitTestingHW;
			productName = UIResponnderAndHitTestingHW;
			productReference = 853E84E42717329700B56679 /* UIResponnderAndHitTestingHW.app */;
			productType = "com.apple.product-type.application";
		};
/* End PBXNativeTarget section */

/* Begin PBXProject section */
		853E84DC2717329700B56679 /* Project object */ = {
			isa = PBXProject;
			attributes = {
				LastSwiftUpdateCheck = 1240;
				LastUpgradeCheck = 1240;
				TargetAttributes = {
					853E84E32717329700B56679 = {
						CreatedOnToolsVersion = 12.4;
					};
				};
			};
			buildConfigurationList = 853E84DF2717329700B56679 /* Build configuration list for PBXProject "UIResponnderAndHitTestingHW" */;
			compatibilityVersion = "Xcode 9.3";
			developmentRegion = en;
			hasScannedForEncodings = 0;
			knownRegions = (
				en,
				Base,
			);
			mainGroup = 853E84DB2717329700B56679;
			productRefGroup = 853E84E52717329700B56679 /* Products */;
			projectDirPath = "";
			projectRoot = "";
			targets = (
				853E84E32717329700B56679 /* UIResponnderAndHitTestingHW */,
			);
		};
/* End PBXProject section */

/* Begin PBXResourcesBuildPhase section */
		853E84E22717329700B56679 /* Resources */ = {
			isa = PBXResourcesBuildPhase;
			buildActionMask = 2147483647;
			files = (
				853E84F42717329A00B56679 /* LaunchScreen.storyboard in Resources */,
				853E84F12717329A00B56679 /* Assets.xcassets in Resources */,
			);
			runOnlyForDeploymentPostprocessing = 0;
		};
/* End PBXResourcesBuildPhase section */

/* Begin PBXSourcesBuildPhase section */
		853E84E02717329700B56679 /* Sources */ = {
			isa = PBXSourcesBuildPhase;
			buildActionMask = 2147483647;
			files = (
				853E84EC2717329700B56679 /* FirstHomeWorkViewController.swift in Sources */,
				853E850A2719AF7100B56679 /* FirstView.swift in Sources */,
				853E84E82717329700B56679 /* AppDelegate.swift in Sources */,
				853E85072717407500B56679 /* SecondView.swift in Sources */,
				853E84EA2717329700B56679 /* SceneDelegate.swift in Sources */,
			);
			runOnlyForDeploymentPostprocessing = 0;
		};
/* End PBXSourcesBuildPhase section */

/* Begin PBXVariantGroup section */
		853E84F22717329A00B56679 /* LaunchScreen.storyboard */ = {
			isa = PBXVariantGroup;
			children = (
				853E84F32717329A00B56679 /* Base */,
			);
			name = LaunchScreen.storyboard;
			sourceTree = "<group>";
		};
/* End PBXVariantGroup section */

/* Begin XCBuildConfiguration section */
		853E84F62717329A00B56679 /* Debug */ = {
			isa = XCBuildConfiguration;
			buildSettings = {
				ALWAYS_SEARCH_USER_PATHS = NO;
				CLANG_ANALYZER_NONNULL = YES;
				CLANG_ANALYZER_NUMBER_OBJECT_CONVERSION = YES_AGGRESSIVE;
				CLANG_CXX_LANGUAGE_STANDARD = "gnu++14";
				CLANG_CXX_LIBRARY = "libc++";
				CLANG_ENABLE_MODULES = YES;
				CLANG_ENABLE_OBJC_ARC = YES;
				CLANG_ENABLE_OBJC_WEAK = YES;
				CLANG_WARN_BLOCK_CAPTURE_AUTORELEASING = YES;
				CLANG_WARN_BOOL_CONVERSION = YES;
				CLANG_WARN_COMMA = YES;
				CLANG_WARN_CONSTANT_CONVERSION = YES;
				CLANG_WARN_DEPRECATED_OBJC_IMPLEMENTATIONS = YES;
				CLANG_WARN_DIRECT_OBJC_ISA_USAGE = YES_ERROR;
				CLANG_WARN_DOCUMENTATION_COMMENTS = YES;
				CLANG_WARN_EMPTY_BODY = YES;
				CLANG_WARN_ENUM_CONVERSION = YES;
				CLANG_WARN_INFINITE_RECURSION = YES;
				CLANG_WARN_INT_CONVERSION = YES;
				CLANG_WARN_NON_LITERAL_NULL_CONVERSION = YES;
				CLANG_WARN_OBJC_IMPLICIT_RETAIN_SELF = YES;
				CLANG_WARN_OBJC_LITERAL_CONVERSION = YES;
				CLANG_WARN_OBJC_ROOT_CLASS = YES_ERROR;
				CLANG_WARN_QUOTED_INCLUDE_IN_FRAMEWORK_HEADER = YES;
				CLANG_WARN_RANGE_LOOP_ANALYSIS = YES;
				CLANG_WARN_STRICT_PROTOTYPES = YES;
				CLANG_WARN_SUSPICIOUS_MOVE = YES;
				CLANG_WARN_UNGUARDED_AVAILABILITY = YES_AGGRESSIVE;
				CLANG_WARN_UNREACHABLE_CODE = YES;
				CLANG_WARN__DUPLICATE_METHOD_MATCH = YES;
				COPY_PHASE_STRIP = NO;
				DEBUG_INFORMATION_FORMAT = dwarf;
				ENABLE_STRICT_OBJC_MSGSEND = YES;
				ENABLE_TESTABILITY = YES;
				GCC_C_LANGUAGE_STANDARD = gnu11;
				GCC_DYNAMIC_NO_PIC = NO;
				GCC_NO_COMMON_BLOCKS = YES;
				GCC_OPTIMIZATION_LEVEL = 0;
				GCC_PREPROCESSOR_DEFINITIONS = (
					"DEBUG=1",
					"$(inherited)",
				);
				GCC_WARN_64_TO_32_BIT_CONVERSION = YES;
				GCC_WARN_ABOUT_RETURN_TYPE = YES_ERROR;
				GCC_WARN_UNDECLARED_SELECTOR = YES;
				GCC_WARN_UNINITIALIZED_AUTOS = YES_AGGRESSIVE;
				GCC_WARN_UNUSED_FUNCTION = YES;
				GCC_WARN_UNUSED_VARIABLE = YES;
				IPHONEOS_DEPLOYMENT_TARGET = 14.4;
				MTL_ENABLE_DEBUG_INFO = INCLUDE_SOURCE;
				MTL_FAST_MATH = YES;
				ONLY_ACTIVE_ARCH = YES;
				SDKROOT = iphoneos;
				SWIFT_ACTIVE_COMPILATION_CONDITIONS = DEBUG;
				SWIFT_OPTIMIZATION_LEVEL = "-Onone";
			};
			name = Debug;
		};
		853E84F72717329A00B56679 /* Release */ = {
			isa = XCBuildConfiguration;
			buildSettings = {
				ALWAYS_SEARCH_USER_PATHS = NO;
				CLANG_ANALYZER_NONNULL = YES;
				CLANG_ANALYZER_NUMBER_OBJECT_CONVERSION = YES_AGGRESSIVE;
				CLANG_CXX_LANGUAGE_STANDARD = "gnu++14";
				CLANG_CXX_LIBRARY = "libc++";
				CLANG_ENABLE_MODULES = YES;
				CLANG_ENABLE_OBJC_ARC = YES;
				CLANG_ENABLE_OBJC_WEAK = YES;
				CLANG_WARN_BLOCK_CAPTURE_AUTORELEASING = YES;
				CLANG_WARN_BOOL_CONVERSION = YES;
				CLANG_WARN_COMMA = YES;
				CLANG_WARN_CONSTANT_CONVERSION = YES;
				CLANG_WARN_DEPRECATED_OBJC_IMPLEMENTATIONS = YES;
				CLANG_WARN_DIRECT_OBJC_ISA_USAGE = YES_ERROR;
				CLANG_WARN_DOCUMENTATION_COMMENTS = YES;
				CLANG_WARN_EMPTY_BODY = YES;
				CLANG_WARN_ENUM_CONVERSION = YES;
				CLANG_WARN_INFINITE_RECURSION = YES;
				CLANG_WARN_INT_CONVERSION = YES;
				CLANG_WARN_NON_LITERAL_NULL_CONVERSION = YES;
				CLANG_WARN_OBJC_IMPLICIT_RETAIN_SELF = YES;
				CLANG_WARN_OBJC_LITERAL_CONVERSION = YES;
				CLANG_WARN_OBJC_ROOT_CLASS = YES_ERROR;
				CLANG_WARN_QUOTED_INCLUDE_IN_FRAMEWORK_HEADER = YES;
				CLANG_WARN_RANGE_LOOP_ANALYSIS = YES;
				CLANG_WARN_STRICT_PROTOTYPES = YES;
				CLANG_WARN_SUSPICIOUS_MOVE = YES;
				CLANG_WARN_UNGUARDED_AVAILABILITY = YES_AGGRESSIVE;
				CLANG_WARN_UNREACHABLE_CODE = YES;
				CLANG_WARN__DUPLICATE_METHOD_MATCH = YES;
				COPY_PHASE_STRIP = NO;
				DEBUG_INFORMATION_FORMAT = "dwarf-with-dsym";
				ENABLE_NS_ASSERTIONS = NO;
				ENABLE_STRICT_OBJC_MSGSEND = YES;
				GCC_C_LANGUAGE_STANDARD = gnu11;
				GCC_NO_COMMON_BLOCKS = YES;
				GCC_WARN_64_TO_32_BIT_CONVERSION = YES;
				GCC_WARN_ABOUT_RETURN_TYPE = YES_ERROR;
				GCC_WARN_UNDECLARED_SELECTOR = YES;
				GCC_WARN_UNINITIALIZED_AUTOS = YES_AGGRESSIVE;
				GCC_WARN_UNUSED_FUNCTION = YES;
				GCC_WARN_UNUSED_VARIABLE = YES;
				IPHONEOS_DEPLOYMENT_TARGET = 14.4;
				MTL_ENABLE_DEBUG_INFO = NO;
				MTL_FAST_MATH = YES;
				SDKROOT = iphoneos;
				SWIFT_COMPILATION_MODE = wholemodule;
				SWIFT_OPTIMIZATION_LEVEL = "-O";
				VALIDATE_PRODUCT = YES;
			};
			name = Release;
		};
		853E84F92717329A00B56679 /* Debug */ = {
			isa = XCBuildConfiguration;
			buildSettings = {
				ASSETCATALOG_COMPILER_APPICON_NAME = AppIcon;
				ASSETCATALOG_COMPILER_GLOBAL_ACCENT_COLOR_NAME = AccentColor;
				CODE_SIGN_STYLE = Automatic;
				DEVELOPMENT_TEAM = 35UW68W5U6;
				INFOPLIST_FILE = UIResponnderAndHitTestingHW/Info.plist;
				LD_RUNPATH_SEARCH_PATHS = (
					"$(inherited)",
					"@executable_path/Frameworks",
				);
				PRODUCT_BUNDLE_IDENTIFIER = vokhstag.UIResponnderAndHitTestingHW;
				PRODUCT_NAME = "$(TARGET_NAME)";
				SWIFT_VERSION = 5.0;
				TARGETED_DEVICE_FAMILY = "1,2";
			};
			name = Debug;
		};
		853E84FA2717329A00B56679 /* Release */ = {
			isa = XCBuildConfiguration;
			buildSettings = {
				ASSETCATALOG_COMPILER_APPICON_NAME = AppIcon;
				ASSETCATALOG_COMPILER_GLOBAL_ACCENT_COLOR_NAME = AccentColor;
				CODE_SIGN_STYLE = Automatic;
				DEVELOPMENT_TEAM = 35UW68W5U6;
				INFOPLIST_FILE = UIResponnderAndHitTestingHW/Info.plist;
				LD_RUNPATH_SEARCH_PATHS = (
					"$(inherited)",
					"@executable_path/Frameworks",
				);
				PRODUCT_BUNDLE_IDENTIFIER = vokhstag.UIResponnderAndHitTestingHW;
				PRODUCT_NAME = "$(TARGET_NAME)";
				SWIFT_VERSION = 5.0;
				TARGETED_DEVICE_FAMILY = "1,2";
			};
			name = Release;
		};
/* End XCBuildConfiguration section */

/* Begin XCConfigurationList section */
		853E84DF2717329700B56679 /* Build configuration list for PBXProject "UIResponnderAndHitTestingHW" */ = {
			isa = XCConfigurationList;
			buildConfigurations = (
				853E84F62717329A00B56679 /* Debug */,
				853E84F72717329A00B56679 /* Release */,
			);
			defaultConfigurationIsVisible = 0;
			defaultConfigurationName = Release;
		};
		853E84F82717329A00B56679 /* Build configuration list for PBXNativeTarget "UIResponnderAndHitTestingHW" */ = {
			isa = XCConfigurationList;
			buildConfigurations = (
				853E84F92717329A00B56679 /* Debug */,
				853E84FA2717329A00B56679 /* Release */,
			);
			defaultConfigurationIsVisible = 0;
			defaultConfigurationName = Release;
		};
/* End XCConfigurationList section */
	};
	rootObject = 853E84DC2717329700B56679 /* Project object */;
}
